
Microsoft Visual Studio Solution File, Format Version 12.00
# Visual Studio Version 17
VisualStudioVersion = 17.7.34024.191
MinimumVisualStudioVersion = 10.0.40219.1
Project("{FAE04EC0-301F-11D3-BF4B-00C04F79EFBC}") = "VatLieuMay2PM", "VatLieuMay2PM.csproj", "{F57C58E4-3C0C-4E49-8ED9-A345D1E23E07}"
EndProject
Project("{54435603-DBB4-11D2-8724-00A0C9A8B90C}") = "2PM Setup", "..\2PM Setup\2PM Setup.vdproj", "{954DED3E-7045-4E26-98F1-A24F3E23807B}"
EndProject
Global
	GlobalSection(SolutionConfigurationPlatforms) = preSolution
		Debug|Any CPU = Debug|Any CPU
		Release|Any CPU = Release|Any CPU
	EndGlobalSection
	GlobalSection(ProjectConfigurationPlatforms) = postSolution
		{F57C58E4-3C0C-4E49-8ED9-A345D1E23E07}.Debug|Any CPU.ActiveCfg = Debug|Any CPU
		{F57C58E4-3C0C-4E49-8ED9-A345D1E23E07}.Debug|Any CPU.Build.0 = Debug|Any CPU
		{F57C58E4-3C0C-4E49-8ED9-A345D1E23E07}.Release|Any CPU.ActiveCfg = Release|Any CPU
		{F57C58E4-3C0C-4E49-8ED9-A345D1E23E07}.Release|Any CPU.Build.0 = Release|Any CPU
		{954DED3E-7045-4E26-98F1-A24F3E23807B}.Debug|Any CPU.ActiveCfg = Debug
		{954DED3E-7045-4E26-98F1-A24F3E23807B}.Release|Any CPU.ActiveCfg = Release
	EndGlobalSection
	GlobalSection(SolutionProperties) = preSolution
		HideSolutionNode = FALSE
	EndGlobalSection
	GlobalSection(ExtensibilityGlobals) = postSolution
		SolutionGuid = {232B8EE1-96E9-4B54-90FA-1DF6C3D5EE1C}
	EndGlobalSection
EndGlobal
